// !$*UTF8*$!
{
	archiveVersion = 1;
	classes = {
	};
	objectVersion = 55;
	objects = {

/* Begin PBXBuildFile section */
		84059DA229F903EF00B86BE9 /* AppDelegate.swift in Sources */ = {isa = PBXBuildFile; fileRef = 84059DA129F903EF00B86BE9 /* AppDelegate.swift */; };
		84059DA429F903EF00B86BE9 /* SceneDelegate.swift in Sources */ = {isa = PBXBuildFile; fileRef = 84059DA329F903EF00B86BE9 /* SceneDelegate.swift */; };
		84059DA629F903EF00B86BE9 /* RMTabBarController.swift in Sources */ = {isa = PBXBuildFile; fileRef = 84059DA529F903EF00B86BE9 /* RMTabBarController.swift */; };
		84059DAB29F903F200B86BE9 /* Assets.xcassets in Resources */ = {isa = PBXBuildFile; fileRef = 84059DAA29F903F200B86BE9 /* Assets.xcassets */; };
		84059DAE29F903F200B86BE9 /* LaunchScreen.storyboard in Resources */ = {isa = PBXBuildFile; fileRef = 84059DAC29F903F200B86BE9 /* LaunchScreen.storyboard */; };
		84059DBE29F9074600B86BE9 /* RMLocation.swift in Sources */ = {isa = PBXBuildFile; fileRef = 84059DBD29F9074600B86BE9 /* RMLocation.swift */; };
		84059DC029F9075900B86BE9 /* RMCharacter.swift in Sources */ = {isa = PBXBuildFile; fileRef = 84059DBF29F9075900B86BE9 /* RMCharacter.swift */; };
		84059DC229F9076500B86BE9 /* RMEpisode.swift in Sources */ = {isa = PBXBuildFile; fileRef = 84059DC129F9076500B86BE9 /* RMEpisode.swift */; };
		84059DC629F9081E00B86BE9 /* RMLocationVC.swift in Sources */ = {isa = PBXBuildFile; fileRef = 84059DC529F9081E00B86BE9 /* RMLocationVC.swift */; };
		84059DC829F9084700B86BE9 /* RMCharacterVC.swift in Sources */ = {isa = PBXBuildFile; fileRef = 84059DC729F9084700B86BE9 /* RMCharacterVC.swift */; };
		84059DCA29F9086100B86BE9 /* RMEpisodeVC.swift in Sources */ = {isa = PBXBuildFile; fileRef = 84059DC929F9086100B86BE9 /* RMEpisodeVC.swift */; };
		84059DCC29F9087300B86BE9 /* RMSettingsVC.swift in Sources */ = {isa = PBXBuildFile; fileRef = 84059DCB29F9087300B86BE9 /* RMSettingsVC.swift */; };
		84059DCE29FA634B00B86BE9 /* RMService.swift in Sources */ = {isa = PBXBuildFile; fileRef = 84059DCD29FA634B00B86BE9 /* RMService.swift */; };
		84059DD029FA636600B86BE9 /* RMRequest.swift in Sources */ = {isa = PBXBuildFile; fileRef = 84059DCF29FA636600B86BE9 /* RMRequest.swift */; };
		84059DD229FA663A00B86BE9 /* RMEndpoint.swift in Sources */ = {isa = PBXBuildFile; fileRef = 84059DD129FA663A00B86BE9 /* RMEndpoint.swift */; };
		84059DD42A00F06500B86BE9 /* RMOrigin.swift in Sources */ = {isa = PBXBuildFile; fileRef = 84059DD32A00F06500B86BE9 /* RMOrigin.swift */; };
		84059DD62A02314100B86BE9 /* RMSingleLocation.swift in Sources */ = {isa = PBXBuildFile; fileRef = 84059DD52A02314100B86BE9 /* RMSingleLocation.swift */; };
		84059DDA2A0232E700B86BE9 /* RMCharacterStatus.swift in Sources */ = {isa = PBXBuildFile; fileRef = 84059DD92A0232E700B86BE9 /* RMCharacterStatus.swift */; };
		84059DDC2A02333A00B86BE9 /* RMCharacterGender.swift in Sources */ = {isa = PBXBuildFile; fileRef = 84059DDB2A02333A00B86BE9 /* RMCharacterGender.swift */; };
/* End PBXBuildFile section */

/* Begin PBXFileReference section */
		84059D9E29F903EF00B86BE9 /* RickAndMortyApp.app */ = {isa = PBXFileReference; explicitFileType = wrapper.application; includeInIndex = 0; path = RickAndMortyApp.app; sourceTree = BUILT_PRODUCTS_DIR; };
		84059DA129F903EF00B86BE9 /* AppDelegate.swift */ = {isa = PBXFileReference; lastKnownFileType = sourcecode.swift; path = AppDelegate.swift; sourceTree = "<group>"; };
		84059DA329F903EF00B86BE9 /* SceneDelegate.swift */ = {isa = PBXFileReference; lastKnownFileType = sourcecode.swift; path = SceneDelegate.swift; sourceTree = "<group>"; };
		84059DA529F903EF00B86BE9 /* RMTabBarController.swift */ = {isa = PBXFileReference; lastKnownFileType = sourcecode.swift; path = RMTabBarController.swift; sourceTree = "<group>"; };
		84059DAA29F903F200B86BE9 /* Assets.xcassets */ = {isa = PBXFileReference; lastKnownFileType = folder.assetcatalog; path = Assets.xcassets; sourceTree = "<group>"; };
		84059DAD29F903F200B86BE9 /* Base */ = {isa = PBXFileReference; lastKnownFileType = file.storyboard; name = Base; path = Base.lproj/LaunchScreen.storyboard; sourceTree = "<group>"; };
		84059DAF29F903F200B86BE9 /* Info.plist */ = {isa = PBXFileReference; lastKnownFileType = text.plist.xml; path = Info.plist; sourceTree = "<group>"; };
		84059DBD29F9074600B86BE9 /* RMLocation.swift */ = {isa = PBXFileReference; lastKnownFileType = sourcecode.swift; path = RMLocation.swift; sourceTree = "<group>"; };
		84059DBF29F9075900B86BE9 /* RMCharacter.swift */ = {isa = PBXFileReference; lastKnownFileType = sourcecode.swift; path = RMCharacter.swift; sourceTree = "<group>"; };
		84059DC129F9076500B86BE9 /* RMEpisode.swift */ = {isa = PBXFileReference; lastKnownFileType = sourcecode.swift; path = RMEpisode.swift; sourceTree = "<group>"; };
		84059DC529F9081E00B86BE9 /* RMLocationVC.swift */ = {isa = PBXFileReference; lastKnownFileType = sourcecode.swift; path = RMLocationVC.swift; sourceTree = "<group>"; };
		84059DC729F9084700B86BE9 /* RMCharacterVC.swift */ = {isa = PBXFileReference; lastKnownFileType = sourcecode.swift; path = RMCharacterVC.swift; sourceTree = "<group>"; };
		84059DC929F9086100B86BE9 /* RMEpisodeVC.swift */ = {isa = PBXFileReference; lastKnownFileType = sourcecode.swift; path = RMEpisodeVC.swift; sourceTree = "<group>"; };
		84059DCB29F9087300B86BE9 /* RMSettingsVC.swift */ = {isa = PBXFileReference; lastKnownFileType = sourcecode.swift; path = RMSettingsVC.swift; sourceTree = "<group>"; };
		84059DCD29FA634B00B86BE9 /* RMService.swift */ = {isa = PBXFileReference; lastKnownFileType = sourcecode.swift; path = RMService.swift; sourceTree = "<group>"; };
		84059DCF29FA636600B86BE9 /* RMRequest.swift */ = {isa = PBXFileReference; lastKnownFileType = sourcecode.swift; path = RMRequest.swift; sourceTree = "<group>"; };
		84059DD129FA663A00B86BE9 /* RMEndpoint.swift */ = {isa = PBXFileReference; lastKnownFileType = sourcecode.swift; path = RMEndpoint.swift; sourceTree = "<group>"; };
		84059DD32A00F06500B86BE9 /* RMOrigin.swift */ = {isa = PBXFileReference; lastKnownFileType = sourcecode.swift; path = RMOrigin.swift; sourceTree = "<group>"; };
		84059DD52A02314100B86BE9 /* RMSingleLocation.swift */ = {isa = PBXFileReference; lastKnownFileType = sourcecode.swift; path = RMSingleLocation.swift; sourceTree = "<group>"; };
		84059DD92A0232E700B86BE9 /* RMCharacterStatus.swift */ = {isa = PBXFileReference; lastKnownFileType = sourcecode.swift; path = RMCharacterStatus.swift; sourceTree = "<group>"; };
		84059DDB2A02333A00B86BE9 /* RMCharacterGender.swift */ = {isa = PBXFileReference; lastKnownFileType = sourcecode.swift; path = RMCharacterGender.swift; sourceTree = "<group>"; };
/* End PBXFileReference section */

/* Begin PBXFrameworksBuildPhase section */
		84059D9B29F903EF00B86BE9 /* Frameworks */ = {
			isa = PBXFrameworksBuildPhase;
			buildActionMask = 2147483647;
			files = (
			);
			runOnlyForDeploymentPostprocessing = 0;
		};
/* End PBXFrameworksBuildPhase section */

/* Begin PBXGroup section */
		84059D9529F903EF00B86BE9 = {
			isa = PBXGroup;
			children = (
				84059DA029F903EF00B86BE9 /* RickAndMortyApp */,
				84059D9F29F903EF00B86BE9 /* Products */,
			);
			sourceTree = "<group>";
		};
		84059D9F29F903EF00B86BE9 /* Products */ = {
			isa = PBXGroup;
			children = (
				84059D9E29F903EF00B86BE9 /* RickAndMortyApp.app */,
			);
			name = Products;
			sourceTree = "<group>";
		};
		84059DA029F903EF00B86BE9 /* RickAndMortyApp */ = {
			isa = PBXGroup;
			children = (
				84059DBB29F906A000B86BE9 /* Resources */,
				84059DBA29F9068C00B86BE9 /* Managers */,
				84059DB929F9067B00B86BE9 /* APIClient */,
				84059DB829F9066F00B86BE9 /* ViewModels */,
				84059DB729F9066600B86BE9 /* Views */,
				84059DB629F9065A00B86BE9 /* Models */,
				84059DB529F9064D00B86BE9 /* Controllers */,
				84059DAF29F903F200B86BE9 /* Info.plist */,
			);
			path = RickAndMortyApp;
			sourceTree = "<group>";
		};
		84059DB529F9064D00B86BE9 /* Controllers */ = {
			isa = PBXGroup;
			children = (
				84059DBC29F906EB00B86BE9 /* Core */,
			);
			path = Controllers;
			sourceTree = "<group>";
		};
		84059DB629F9065A00B86BE9 /* Models */ = {
			isa = PBXGroup;
			children = (
				84059DBF29F9075900B86BE9 /* RMCharacter.swift */,
				84059DBD29F9074600B86BE9 /* RMLocation.swift */,
				84059DC129F9076500B86BE9 /* RMEpisode.swift */,
				84059DD32A00F06500B86BE9 /* RMOrigin.swift */,
				84059DD52A02314100B86BE9 /* RMSingleLocation.swift */,
				84059DD92A0232E700B86BE9 /* RMCharacterStatus.swift */,
				84059DDB2A02333A00B86BE9 /* RMCharacterGender.swift */,
			);
			path = Models;
			sourceTree = "<group>";
		};
		84059DB729F9066600B86BE9 /* Views */ = {
			isa = PBXGroup;
			children = (
			);
			path = Views;
			sourceTree = "<group>";
		};
		84059DB829F9066F00B86BE9 /* ViewModels */ = {
			isa = PBXGroup;
			children = (
			);
			path = ViewModels;
			sourceTree = "<group>";
		};
		84059DB929F9067B00B86BE9 /* APIClient */ = {
			isa = PBXGroup;
			children = (
				84059DCD29FA634B00B86BE9 /* RMService.swift */,
				84059DCF29FA636600B86BE9 /* RMRequest.swift */,
				84059DD129FA663A00B86BE9 /* RMEndpoint.swift */,
			);
			path = APIClient;
			sourceTree = "<group>";
		};
		84059DBA29F9068C00B86BE9 /* Managers */ = {
			isa = PBXGroup;
			children = (
			);
			path = Managers;
			sourceTree = "<group>";
		};
		84059DBB29F906A000B86BE9 /* Resources */ = {
			isa = PBXGroup;
			children = (
				84059DAA29F903F200B86BE9 /* Assets.xcassets */,
				84059DAC29F903F200B86BE9 /* LaunchScreen.storyboard */,
				84059DA129F903EF00B86BE9 /* AppDelegate.swift */,
				84059DA329F903EF00B86BE9 /* SceneDelegate.swift */,
			);
			path = Resources;
			sourceTree = "<group>";
		};
		84059DBC29F906EB00B86BE9 /* Core */ = {
			isa = PBXGroup;
			children = (
				84059DA529F903EF00B86BE9 /* RMTabBarController.swift */,
				84059DC729F9084700B86BE9 /* RMCharacterVC.swift */,
				84059DC529F9081E00B86BE9 /* RMLocationVC.swift */,
				84059DC929F9086100B86BE9 /* RMEpisodeVC.swift */,
				84059DCB29F9087300B86BE9 /* RMSettingsVC.swift */,
			);
			path = Core;
			sourceTree = "<group>";
		};
/* End PBXGroup section */

/* Begin PBXNativeTarget section */
		84059D9D29F903EF00B86BE9 /* RickAndMortyApp */ = {
			isa = PBXNativeTarget;
			buildConfigurationList = 84059DB229F903F200B86BE9 /* Build configuration list for PBXNativeTarget "RickAndMortyApp" */;
			buildPhases = (
				84059D9A29F903EF00B86BE9 /* Sources */,
				84059D9B29F903EF00B86BE9 /* Frameworks */,
				84059D9C29F903EF00B86BE9 /* Resources */,
			);
			buildRules = (
			);
			dependencies = (
			);
			name = RickAndMortyApp;
			productName = RickAndMortyApp;
			productReference = 84059D9E29F903EF00B86BE9 /* RickAndMortyApp.app */;
			productType = "com.apple.product-type.application";
		};
/* End PBXNativeTarget section */

/* Begin PBXProject section */
		84059D9629F903EF00B86BE9 /* Project object */ = {
			isa = PBXProject;
			attributes = {
				BuildIndependentTargetsInParallel = 1;
				LastSwiftUpdateCheck = 1320;
				LastUpgradeCheck = 1320;
				TargetAttributes = {
					84059D9D29F903EF00B86BE9 = {
						CreatedOnToolsVersion = 13.2.1;
					};
				};
			};
			buildConfigurationList = 84059D9929F903EF00B86BE9 /* Build configuration list for PBXProject "RickAndMortyApp" */;
			compatibilityVersion = "Xcode 13.0";
			developmentRegion = en;
			hasScannedForEncodings = 0;
			knownRegions = (
				en,
				Base,
			);
			mainGroup = 84059D9529F903EF00B86BE9;
			productRefGroup = 84059D9F29F903EF00B86BE9 /* Products */;
			projectDirPath = "";
			projectRoot = "";
			targets = (
				84059D9D29F903EF00B86BE9 /* RickAndMortyApp */,
			);
		};
/* End PBXProject section */

/* Begin PBXResourcesBuildPhase section */
		84059D9C29F903EF00B86BE9 /* Resources */ = {
			isa = PBXResourcesBuildPhase;
			buildActionMask = 2147483647;
			files = (
				84059DAE29F903F200B86BE9 /* LaunchScreen.storyboard in Resources */,
				84059DAB29F903F200B86BE9 /* Assets.xcassets in Resources */,
			);
			runOnlyForDeploymentPostprocessing = 0;
		};
/* End PBXResourcesBuildPhase section */

/* Begin PBXSourcesBuildPhase section */
		84059D9A29F903EF00B86BE9 /* Sources */ = {
			isa = PBXSourcesBuildPhase;
			buildActionMask = 2147483647;
			files = (
				84059DD42A00F06500B86BE9 /* RMOrigin.swift in Sources */,
				84059DD62A02314100B86BE9 /* RMSingleLocation.swift in Sources */,
				84059DDA2A0232E700B86BE9 /* RMCharacterStatus.swift in Sources */,
				84059DDC2A02333A00B86BE9 /* RMCharacterGender.swift in Sources */,
				84059DC229F9076500B86BE9 /* RMEpisode.swift in Sources */,
				84059DA629F903EF00B86BE9 /* RMTabBarController.swift in Sources */,
				84059DA229F903EF00B86BE9 /* AppDelegate.swift in Sources */,
				84059DC829F9084700B86BE9 /* RMCharacterVC.swift in Sources */,
				84059DCC29F9087300B86BE9 /* RMSettingsVC.swift in Sources */,
				84059DA429F903EF00B86BE9 /* SceneDelegate.swift in Sources */,
				84059DCA29F9086100B86BE9 /* RMEpisodeVC.swift in Sources */,
				84059DCE29FA634B00B86BE9 /* RMService.swift in Sources */,
				84059DBE29F9074600B86BE9 /* RMLocation.swift in Sources */,
				84059DD229FA663A00B86BE9 /* RMEndpoint.swift in Sources */,
				84059DC629F9081E00B86BE9 /* RMLocationVC.swift in Sources */,
				84059DD029FA636600B86BE9 /* RMRequest.swift in Sources */,
				84059DC029F9075900B86BE9 /* RMCharacter.swift in Sources */,
			);
			runOnlyForDeploymentPostprocessing = 0;
		};
/* End PBXSourcesBuildPhase section */

/* Begin PBXVariantGroup section */
		84059DAC29F903F200B86BE9 /* LaunchScreen.storyboard */ = {
			isa = PBXVariantGroup;
			children = (
				84059DAD29F903F200B86BE9 /* Base */,
			);
			name = LaunchScreen.storyboard;
			sourceTree = "<group>";
		};
/* End PBXVariantGroup section */

/* Begin XCBuildConfiguration section */
		84059DB029F903F200B86BE9 /* Debug */ = {
			isa = XCBuildConfiguration;
			buildSettings = {
				ALWAYS_SEARCH_USER_PATHS = NO;
				CLANG_ANALYZER_NONNULL = YES;
				CLANG_ANALYZER_NUMBER_OBJECT_CONVERSION = YES_AGGRESSIVE;
				CLANG_CXX_LANGUAGE_STANDARD = "gnu++17";
				CLANG_CXX_LIBRARY = "libc++";
				CLANG_ENABLE_MODULES = YES;
				CLANG_ENABLE_OBJC_ARC = YES;
				CLANG_ENABLE_OBJC_WEAK = YES;
				CLANG_WARN_BLOCK_CAPTURE_AUTORELEASING = YES;
				CLANG_WARN_BOOL_CONVERSION = YES;
				CLANG_WARN_COMMA = YES;
				CLANG_WARN_CONSTANT_CONVERSION = YES;
				CLANG_WARN_DEPRECATED_OBJC_IMPLEMENTATIONS = YES;
				CLANG_WARN_DIRECT_OBJC_ISA_USAGE = YES_ERROR;
				CLANG_WARN_DOCUMENTATION_COMMENTS = YES;
				CLANG_WARN_EMPTY_BODY = YES;
				CLANG_WARN_ENUM_CONVERSION = YES;
				CLANG_WARN_INFINITE_RECURSION = YES;
				CLANG_WARN_INT_CONVERSION = YES;
				CLANG_WARN_NON_LITERAL_NULL_CONVERSION = YES;
				CLANG_WARN_OBJC_IMPLICIT_RETAIN_SELF = YES;
				CLANG_WARN_OBJC_LITERAL_CONVERSION = YES;
				CLANG_WARN_OBJC_ROOT_CLASS = YES_ERROR;
				CLANG_WARN_QUOTED_INCLUDE_IN_FRAMEWORK_HEADER = YES;
				CLANG_WARN_RANGE_LOOP_ANALYSIS = YES;
				CLANG_WARN_STRICT_PROTOTYPES = YES;
				CLANG_WARN_SUSPICIOUS_MOVE = YES;
				CLANG_WARN_UNGUARDED_AVAILABILITY = YES_AGGRESSIVE;
				CLANG_WARN_UNREACHABLE_CODE = YES;
				CLANG_WARN__DUPLICATE_METHOD_MATCH = YES;
				COPY_PHASE_STRIP = NO;
				DEBUG_INFORMATION_FORMAT = dwarf;
				ENABLE_STRICT_OBJC_MSGSEND = YES;
				ENABLE_TESTABILITY = YES;
				GCC_C_LANGUAGE_STANDARD = gnu11;
				GCC_DYNAMIC_NO_PIC = NO;
				GCC_NO_COMMON_BLOCKS = YES;
				GCC_OPTIMIZATION_LEVEL = 0;
				GCC_PREPROCESSOR_DEFINITIONS = (
					"DEBUG=1",
					"$(inherited)",
				);
				GCC_WARN_64_TO_32_BIT_CONVERSION = YES;
				GCC_WARN_ABOUT_RETURN_TYPE = YES_ERROR;
				GCC_WARN_UNDECLARED_SELECTOR = YES;
				GCC_WARN_UNINITIALIZED_AUTOS = YES_AGGRESSIVE;
				GCC_WARN_UNUSED_FUNCTION = YES;
				GCC_WARN_UNUSED_VARIABLE = YES;
				IPHONEOS_DEPLOYMENT_TARGET = 15.2;
				MTL_ENABLE_DEBUG_INFO = INCLUDE_SOURCE;
				MTL_FAST_MATH = YES;
				ONLY_ACTIVE_ARCH = YES;
				SDKROOT = iphoneos;
				SWIFT_ACTIVE_COMPILATION_CONDITIONS = DEBUG;
				SWIFT_OPTIMIZATION_LEVEL = "-Onone";
			};
			name = Debug;
		};
		84059DB129F903F200B86BE9 /* Release */ = {
			isa = XCBuildConfiguration;
			buildSettings = {
				ALWAYS_SEARCH_USER_PATHS = NO;
				CLANG_ANALYZER_NONNULL = YES;
				CLANG_ANALYZER_NUMBER_OBJECT_CONVERSION = YES_AGGRESSIVE;
				CLANG_CXX_LANGUAGE_STANDARD = "gnu++17";
				CLANG_CXX_LIBRARY = "libc++";
				CLANG_ENABLE_MODULES = YES;
				CLANG_ENABLE_OBJC_ARC = YES;
				CLANG_ENABLE_OBJC_WEAK = YES;
				CLANG_WARN_BLOCK_CAPTURE_AUTORELEASING = YES;
				CLANG_WARN_BOOL_CONVERSION = YES;
				CLANG_WARN_COMMA = YES;
				CLANG_WARN_CONSTANT_CONVERSION = YES;
				CLANG_WARN_DEPRECATED_OBJC_IMPLEMENTATIONS = YES;
				CLANG_WARN_DIRECT_OBJC_ISA_USAGE = YES_ERROR;
				CLANG_WARN_DOCUMENTATION_COMMENTS = YES;
				CLANG_WARN_EMPTY_BODY = YES;
				CLANG_WARN_ENUM_CONVERSION = YES;
				CLANG_WARN_INFINITE_RECURSION = YES;
				CLANG_WARN_INT_CONVERSION = YES;
				CLANG_WARN_NON_LITERAL_NULL_CONVERSION = YES;
				CLANG_WARN_OBJC_IMPLICIT_RETAIN_SELF = YES;
				CLANG_WARN_OBJC_LITERAL_CONVERSION = YES;
				CLANG_WARN_OBJC_ROOT_CLASS = YES_ERROR;
				CLANG_WARN_QUOTED_INCLUDE_IN_FRAMEWORK_HEADER = YES;
				CLANG_WARN_RANGE_LOOP_ANALYSIS = YES;
				CLANG_WARN_STRICT_PROTOTYPES = YES;
				CLANG_WARN_SUSPICIOUS_MOVE = YES;
				CLANG_WARN_UNGUARDED_AVAILABILITY = YES_AGGRESSIVE;
				CLANG_WARN_UNREACHABLE_CODE = YES;
				CLANG_WARN__DUPLICATE_METHOD_MATCH = YES;
				COPY_PHASE_STRIP = NO;
				DEBUG_INFORMATION_FORMAT = "dwarf-with-dsym";
				ENABLE_NS_ASSERTIONS = NO;
				ENABLE_STRICT_OBJC_MSGSEND = YES;
				GCC_C_LANGUAGE_STANDARD = gnu11;
				GCC_NO_COMMON_BLOCKS = YES;
				GCC_WARN_64_TO_32_BIT_CONVERSION = YES;
				GCC_WARN_ABOUT_RETURN_TYPE = YES_ERROR;
				GCC_WARN_UNDECLARED_SELECTOR = YES;
				GCC_WARN_UNINITIALIZED_AUTOS = YES_AGGRESSIVE;
				GCC_WARN_UNUSED_FUNCTION = YES;
				GCC_WARN_UNUSED_VARIABLE = YES;
				IPHONEOS_DEPLOYMENT_TARGET = 15.2;
				MTL_ENABLE_DEBUG_INFO = NO;
				MTL_FAST_MATH = YES;
				SDKROOT = iphoneos;
				SWIFT_COMPILATION_MODE = wholemodule;
				SWIFT_OPTIMIZATION_LEVEL = "-O";
				VALIDATE_PRODUCT = YES;
			};
			name = Release;
		};
		84059DB329F903F200B86BE9 /* Debug */ = {
			isa = XCBuildConfiguration;
			buildSettings = {
				ASSETCATALOG_COMPILER_APPICON_NAME = AppIcon;
				ASSETCATALOG_COMPILER_GLOBAL_ACCENT_COLOR_NAME = AccentColor;
				CODE_SIGN_STYLE = Automatic;
				CURRENT_PROJECT_VERSION = 1;
				DEVELOPMENT_TEAM = 2SH6SYRG8E;
				GENERATE_INFOPLIST_FILE = YES;
				INFOPLIST_FILE = RickAndMortyApp/Info.plist;
				INFOPLIST_KEY_UIApplicationSupportsIndirectInputEvents = YES;
				INFOPLIST_KEY_UILaunchStoryboardName = LaunchScreen;
				INFOPLIST_KEY_UISupportedInterfaceOrientations_iPad = "UIInterfaceOrientationPortrait UIInterfaceOrientationPortraitUpsideDown UIInterfaceOrientationLandscapeLeft UIInterfaceOrientationLandscapeRight";
				INFOPLIST_KEY_UISupportedInterfaceOrientations_iPhone = "UIInterfaceOrientationPortrait UIInterfaceOrientationLandscapeLeft UIInterfaceOrientationLandscapeRight";
				LD_RUNPATH_SEARCH_PATHS = (
					"$(inherited)",
					"@executable_path/Frameworks",
				);
				MARKETING_VERSION = 1.0;
				PRODUCT_BUNDLE_IDENTIFIER = com.SmashNiKeR.RickAndMortyApp;
				PRODUCT_NAME = "$(TARGET_NAME)";
				SWIFT_EMIT_LOC_STRINGS = YES;
				SWIFT_VERSION = 5.0;
				TARGETED_DEVICE_FAMILY = "1,2";
			};
			name = Debug;
		};
		84059DB429F903F200B86BE9 /* Release */ = {
			isa = XCBuildConfiguration;
			buildSettings = {
				ASSETCATALOG_COMPILER_APPICON_NAME = AppIcon;
				ASSETCATALOG_COMPILER_GLOBAL_ACCENT_COLOR_NAME = AccentColor;
				CODE_SIGN_STYLE = Automatic;
				CURRENT_PROJECT_VERSION = 1;
				DEVELOPMENT_TEAM = 2SH6SYRG8E;
				GENERATE_INFOPLIST_FILE = YES;
				INFOPLIST_FILE = RickAndMortyApp/Info.plist;
				INFOPLIST_KEY_UIApplicationSupportsIndirectInputEvents = YES;
				INFOPLIST_KEY_UILaunchStoryboardName = LaunchScreen;
				INFOPLIST_KEY_UISupportedInterfaceOrientations_iPad = "UIInterfaceOrientationPortrait UIInterfaceOrientationPortraitUpsideDown UIInterfaceOrientationLandscapeLeft UIInterfaceOrientationLandscapeRight";
				INFOPLIST_KEY_UISupportedInterfaceOrientations_iPhone = "UIInterfaceOrientationPortrait UIInterfaceOrientationLandscapeLeft UIInterfaceOrientationLandscapeRight";
				LD_RUNPATH_SEARCH_PATHS = (
					"$(inherited)",
					"@executable_path/Frameworks",
				);
				MARKETING_VERSION = 1.0;
				PRODUCT_BUNDLE_IDENTIFIER = com.SmashNiKeR.RickAndMortyApp;
				PRODUCT_NAME = "$(TARGET_NAME)";
				SWIFT_EMIT_LOC_STRINGS = YES;
				SWIFT_VERSION = 5.0;
				TARGETED_DEVICE_FAMILY = "1,2";
			};
			name = Release;
		};
/* End XCBuildConfiguration section */

/* Begin XCConfigurationList section */
		84059D9929F903EF00B86BE9 /* Build configuration list for PBXProject "RickAndMortyApp" */ = {
			isa = XCConfigurationList;
			buildConfigurations = (
				84059DB029F903F200B86BE9 /* Debug */,
				84059DB129F903F200B86BE9 /* Release */,
			);
			defaultConfigurationIsVisible = 0;
			defaultConfigurationName = Release;
		};
		84059DB229F903F200B86BE9 /* Build configuration list for PBXNativeTarget "RickAndMortyApp" */ = {
			isa = XCConfigurationList;
			buildConfigurations = (
				84059DB329F903F200B86BE9 /* Debug */,
				84059DB429F903F200B86BE9 /* Release */,
			);
			defaultConfigurationIsVisible = 0;
			defaultConfigurationName = Release;
		};
/* End XCConfigurationList section */
	};
	rootObject = 84059D9629F903EF00B86BE9 /* Project object */;
}
